# This file is automatically @generated by Cargo.
# It is not intended for manual editing.
version = 3

[[package]]
name = "cfg-if"
version = "1.0.0"
source = "registry+https://github.com/rust-lang/crates.io-index"
checksum = "baf1de4339761588bc0619e3cbc0120ee582ebb74b53b4efbf79117bd2da40fd"

[[package]]
name = "datetime"
version = "0.5.2"
source = "registry+https://github.com/rust-lang/crates.io-index"
checksum = "44c3f7a77f3e57fedf80e09136f2d8777ebf621207306f6d96d610af048354bc"
dependencies = [
 "iso8601",
 "libc",
 "locale",
 "pad",
 "redox_syscall",
 "winapi",
]

[[package]]
name = "iso8601"
version = "0.3.0"
source = "registry+https://github.com/rust-lang/crates.io-index"
checksum = "43e86914a73535f3f541a765adea0a9fafcf53fa6adb73662c4988fd9233766f"
dependencies = [
 "nom",
]

[[package]]
name = "libc"
version = "0.2.140"
source = "registry+https://github.com/rust-lang/crates.io-index"
checksum = "99227334921fae1a979cf0bfdfcc6b3e5ce376ef57e16fb6fb3ea2ed6095f80c"

[[package]]
name = "locale"
version = "0.2.2"
source = "registry+https://github.com/rust-lang/crates.io-index"
checksum = "5fdbe492a9c0238da900a1165c42fc5067161ce292678a6fe80921f30fe307fd"
dependencies = [
 "libc",
]

[[package]]
name = "memchr"
version = "2.5.0"
source = "registry+https://github.com/rust-lang/crates.io-index"
checksum = "2dffe52ecf27772e601905b7522cb4ef790d2cc203488bbd0e2fe85fcb74566d"

[[package]]
name = "nom"
version = "4.2.3"
source = "registry+https://github.com/rust-lang/crates.io-index"
checksum = "2ad2a91a8e869eeb30b9cb3119ae87773a8f4ae617f41b1eb9c154b2905f7bd6"
dependencies = [
 "memchr",
 "version_check",
]

[[package]]
name = "pad"
version = "0.1.6"
source = "registry+https://github.com/rust-lang/crates.io-index"
checksum = "d2ad9b889f1b12e0b9ee24db044b5129150d5eada288edc800f789928dc8c0e3"
dependencies = [
 "unicode-width",
]

[[package]]
name = "redox_syscall"
version = "0.1.57"
source = "registry+https://github.com/rust-lang/crates.io-index"
checksum = "41cc0f7e4d5d4544e8861606a285bb08d3e70712ccc7d2b84d7c0ccfaf4b05ce"

[[package]]
name = "unicode-width"
version = "0.1.10"
source = "registry+https://github.com/rust-lang/crates.io-index"
checksum = "c0edd1e5b14653f783770bce4a4dabb4a5108a5370a5f5d8cfe8710c361f6c8b"

[[package]]
name = "user_profiling"
version = "0.1.0"
dependencies = [
 "datetime",
 "winapi",
 "windows",
 "winreg",
]

[[package]]
name = "version_check"
version = "0.1.5"
source = "registry+https://github.com/rust-lang/crates.io-index"
checksum = "914b1a6776c4c929a602fafd8bc742e06365d4bcbe48c30f9cca5824f70dc9dd"

[[package]]
name = "winapi"
version = "0.3.9"
source = "registry+https://github.com/rust-lang/crates.io-index"
checksum = "5c839a674fcd7a98952e593242ea400abe93992746761e38641405d28b00f419"
dependencies = [
 "winapi-i686-pc-windows-gnu",
 "winapi-x86_64-pc-windows-gnu",
]

[[package]]
name = "winapi-i686-pc-windows-gnu"
version = "0.4.0"
source = "registry+https://github.com/rust-lang/crates.io-index"
checksum = "ac3b87c63620426dd9b991e5ce0329eff545bccbbb34f3be09ff6fb6ab51b7b6"

[[package]]
name = "winapi-x86_64-pc-windows-gnu"
version = "0.4.0"
source = "registry+https://github.com/rust-lang/crates.io-index"
checksum = "712e227841d057c1ee1cd2fb22fa7e5a5461ae8e48fa2ca79ec42cfc1931183f"

[[package]]
name = "windows"
version = "0.47.0"
source = "registry+https://github.com/rust-lang/crates.io-index"
checksum = "2649ff315bee4c98757f15dac226efe3d81927adbb6e882084bb1ee3e0c330a7"
dependencies = [
 "windows-targets",
]

[[package]]
name = "windows-targets"
version = "0.47.0"
source = "registry+https://github.com/rust-lang/crates.io-index"
checksum = "2f8996d3f43b4b2d44327cd71b7b0efd1284ab60e6e9d0e8b630e18555d87d3e"
dependencies = [
 "windows_aarch64_gnullvm",
 "windows_aarch64_msvc",
 "windows_i686_gnu",
 "windows_i686_msvc",
 "windows_x86_64_gnu",
 "windows_x86_64_gnullvm",
 "windows_x86_64_msvc",
]

[[package]]
name = "windows_aarch64_gnullvm"
version = "0.47.0"
source = "registry+https://github.com/rust-lang/crates.io-index"
checksum = "831d567d53d4f3cb1db332b68e6e2b6260228eb4d99a777d8b2e8ed794027c90"

[[package]]
name = "windows_aarch64_msvc"
version = "0.47.0"
source = "registry+https://github.com/rust-lang/crates.io-index"
checksum = "6a42d54a417c60ce4f0e31661eed628f0fa5aca73448c093ec4d45fab4c51cdf"

[[package]]
name = "windows_i686_gnu"
version = "0.47.0"
source = "registry+https://github.com/rust-lang/crates.io-index"
checksum = "c1925beafdbb22201a53a483db861a5644123157c1c3cee83323a2ed565d71e3"

[[package]]
name = "windows_i686_msvc"
version = "0.47.0"
source = "registry+https://github.com/rust-lang/crates.io-index"
checksum = "3a8ef8f2f1711b223947d9b69b596cf5a4e452c930fb58b6fc3fdae7d0ec6b31"

[[package]]
name = "windows_x86_64_gnu"
version = "0.47.0"
source = "registry+https://github.com/rust-lang/crates.io-index"
checksum = "7acaa0c2cf0d2ef99b61c308a0c3dbae430a51b7345dedec470bd8f53f5a3642"

[[package]]
name = "windows_x86_64_gnullvm"
version = "0.47.0"
source = "registry+https://github.com/rust-lang/crates.io-index"
checksum = "e5a0628f71be1d11e17ca4a0e9e15b3a5180f6fbf1c2d55e3ba3f850378052c1"

[[package]]
name = "windows_x86_64_msvc"
version = "0.47.0"
source = "registry+https://github.com/rust-lang/crates.io-index"
checksum = "9d6e62c256dc6d40b8c8707df17df8d774e60e39db723675241e7c15e910bce7"

[[package]]
name = "winreg"
version = "0.11.0"
source = "registry+https://github.com/rust-lang/crates.io-index"
checksum = "76a1a57ff50e9b408431e8f97d5456f2807f8eb2a2cd79b06068fc87f8ecf189"
dependencies = [
 "cfg-if",
 "winapi",
]
